
Microsoft Visual Studio Solution File, Format Version 12.00
# Visual Studio Version 17
VisualStudioVersion = 17.11.35327.3
MinimumVisualStudioVersion = 10.0.40219.1
Project("{FAE04EC0-301F-11D3-BF4B-00C04F79EFBC}") = "Doctor-Appointment", "Doctor-Appointment.csproj", "{4A338687-A132-4449-A05B-CED677C5F754}"
EndProject
Global
	GlobalSection(SolutionConfigurationPlatforms) = preSolution
		Debug|Any CPU = Debug|Any CPU
		Release|Any CPU = Release|Any CPU
	EndGlobalSection
	GlobalSection(ProjectConfigurationPlatforms) = postSolution
		{4A338687-A132-4449-A05B-CED677C5F754}.Debug|Any CPU.ActiveCfg = Debug|Any CPU
		{4A338687-A132-4449-A05B-CED677C5F754}.Debug|Any CPU.Build.0 = Debug|Any CPU
		{4A338687-A132-4449-A05B-CED677C5F754}.Release|Any CPU.ActiveCfg = Release|Any CPU
		{4A338687-A132-4449-A05B-CED677C5F754}.Release|Any CPU.Build.0 = Release|Any CPU
	EndGlobalSection
	GlobalSection(SolutionProperties) = preSolution
		HideSolutionNode = FALSE
	EndGlobalSection
	GlobalSection(ExtensibilityGlobals) = postSolution
		SolutionGuid = {CF916963-D246-42FF-8F2C-208991335CC2}
	EndGlobalSection
EndGlobal
